
Microsoft Visual Studio Solution File, Format Version 12.00
# Visual Studio Version 16
VisualStudioVersion = 16.0.30611.23
MinimumVisualStudioVersion = 10.0.40219.1
Project("{FAE04EC0-301F-11D3-BF4B-00C04F79EFBC}") = "WP_2020_01_HW02_3A713155", "WP_2020_01_HW02_3A713155\WP_2020_01_HW02_3A713155.csproj", "{9DE85729-AC30-4D7B-87E9-0F4B61242C42}"
EndProject
Global
	GlobalSection(SolutionConfigurationPlatforms) = preSolution
		Debug|Any CPU = Debug|Any CPU
		Release|Any CPU = Release|Any CPU
	EndGlobalSection
	GlobalSection(ProjectConfigurationPlatforms) = postSolution
		{9DE85729-AC30-4D7B-87E9-0F4B61242C42}.Debug|Any CPU.ActiveCfg = Debug|Any CPU
		{9DE85729-AC30-4D7B-87E9-0F4B61242C42}.Debug|Any CPU.Build.0 = Debug|Any CPU
		{9DE85729-AC30-4D7B-87E9-0F4B61242C42}.Release|Any CPU.ActiveCfg = Release|Any CPU
		{9DE85729-AC30-4D7B-87E9-0F4B61242C42}.Release|Any CPU.Build.0 = Release|Any CPU
	EndGlobalSection
	GlobalSection(SolutionProperties) = preSolution
		HideSolutionNode = FALSE
	EndGlobalSection
	GlobalSection(ExtensibilityGlobals) = postSolution
		SolutionGuid = {1B17E83A-874D-459D-8D25-8B66A214C4E8}
	EndGlobalSection
EndGlobal
